
Microsoft Visual Studio Solution File, Format Version 12.00
# Visual Studio Version 17
VisualStudioVersion = 17.4.33122.133
MinimumVisualStudioVersion = 10.0.40219.1
Project("{8BC9CEB8-8B4A-11D0-8D11-00A0C91BC942}") = "CFF test", "CFF test\CFF test.vcxproj", "{0C996889-B200-4EBD-98A4-B7783D6DAEA2}"
EndProject
Global
	GlobalSection(SolutionConfigurationPlatforms) = preSolution
		Debug|x64 = Debug|x64
		Debug|x86 = Debug|x86
		Release|x64 = Release|x64
		Release|x86 = Release|x86
	EndGlobalSection
	GlobalSection(ProjectConfigurationPlatforms) = postSolution
		{0C996889-B200-4EBD-98A4-B7783D6DAEA2}.Debug|x64.ActiveCfg = Debug|x64
		{0C996889-B200-4EBD-98A4-B7783D6DAEA2}.Debug|x64.Build.0 = Debug|x64
		{0C996889-B200-4EBD-98A4-B7783D6DAEA2}.Debug|x86.ActiveCfg = Debug|Win32
		{0C996889-B200-4EBD-98A4-B7783D6DAEA2}.Debug|x86.Build.0 = Debug|Win32
		{0C996889-B200-4EBD-98A4-B7783D6DAEA2}.Release|x64.ActiveCfg = Release|x64
		{0C996889-B200-4EBD-98A4-B7783D6DAEA2}.Release|x64.Build.0 = Release|x64
		{0C996889-B200-4EBD-98A4-B7783D6DAEA2}.Release|x86.ActiveCfg = Release|Win32
		{0C996889-B200-4EBD-98A4-B7783D6DAEA2}.Release|x86.Build.0 = Release|Win32
	EndGlobalSection
	GlobalSection(SolutionProperties) = preSolution
		HideSolutionNode = FALSE
	EndGlobalSection
	GlobalSection(ExtensibilityGlobals) = postSolution
		SolutionGuid = {DCEB6391-5938-47DF-A6E5-57F9C9991639}
	EndGlobalSection
EndGlobal
